
Microsoft Visual Studio Solution File, Format Version 12.00
# Visual Studio Version 16
VisualStudioVersion = 16.0.30804.86
MinimumVisualStudioVersion = 10.0.40219.1
Project("{FAE04EC0-301F-11D3-BF4B-00C04F79EFBC}") = "Riddles", "Riddles\Riddles.csproj", "{C834DA3A-2533-49C0-9F12-8C9CD7C247A2}"
EndProject
Global
	GlobalSection(SolutionConfigurationPlatforms) = preSolution
		Debug|Any CPU = Debug|Any CPU
		Release|Any CPU = Release|Any CPU
	EndGlobalSection
	GlobalSection(ProjectConfigurationPlatforms) = postSolution
		{C834DA3A-2533-49C0-9F12-8C9CD7C247A2}.Debug|Any CPU.ActiveCfg = Debug|Any CPU
		{C834DA3A-2533-49C0-9F12-8C9CD7C247A2}.Debug|Any CPU.Build.0 = Debug|Any CPU
		{C834DA3A-2533-49C0-9F12-8C9CD7C247A2}.Release|Any CPU.ActiveCfg = Release|Any CPU
		{C834DA3A-2533-49C0-9F12-8C9CD7C247A2}.Release|Any CPU.Build.0 = Release|Any CPU
	EndGlobalSection
	GlobalSection(SolutionProperties) = preSolution
		HideSolutionNode = FALSE
	EndGlobalSection
	GlobalSection(ExtensibilityGlobals) = postSolution
		SolutionGuid = {DE0D57F0-73F5-49C8-8EF1-35BAA0695919}
	EndGlobalSection
EndGlobal
